
Microsoft Visual Studio Solution File, Format Version 12.00
# Visual Studio 2013
VisualStudioVersion = 12.0.31101.0
MinimumVisualStudioVersion = 10.0.40219.1
Project("{FAE04EC0-301F-11D3-BF4B-00C04F79EFBC}") = "ClientApplication", "ClientApplication\ClientApplication.csproj", "{EE962BBB-C7D9-432D-9D11-102D328D8CD2}"
EndProject
Project("{FAE04EC0-301F-11D3-BF4B-00C04F79EFBC}") = "CACore", "CACore\CACore.csproj", "{56CDAFE9-8286-4347-9827-1942803FAF40}"
EndProject
Project("{2150E333-8FDC-42A3-9474-1A3956D46DE8}") = "Base", "Base", "{4DEA4D24-CDB3-4FC3-9279-784BD94E2EEA}"
EndProject
Project("{FAE04EC0-301F-11D3-BF4B-00C04F79EFBC}") = "UserInterface", "UserInterface\UserInterface.csproj", "{A8CD0FB4-BF61-4AFB-9EB3-FB58A3169D27}"
EndProject
Project("{FAE04EC0-301F-11D3-BF4B-00C04F79EFBC}") = "InterfaceLibrary", "InterfaceLibrary\InterfaceLibrary.csproj", "{93320D37-9F5B-483F-9DDB-C0AB7DB37CC7}"
EndProject
Project("{FAE04EC0-301F-11D3-BF4B-00C04F79EFBC}") = "Core", "Core\Core.csproj", "{C8072825-D9DD-4B66-A7A3-E99A255D8EB6}"
EndProject
Project("{FAE04EC0-301F-11D3-BF4B-00C04F79EFBC}") = "CopyPlugin", "CopyPlugin\CopyPlugin.csproj", "{797B7B10-98BB-450F-B91F-7FAFC8FE3299}"
EndProject
Project("{2150E333-8FDC-42A3-9474-1A3956D46DE8}") = "Plugins", "Plugins", "{21E49C2C-639E-453F-A973-2782FCFCA3E1}"
EndProject
Project("{FAE04EC0-301F-11D3-BF4B-00C04F79EFBC}") = "ReferenceEditor", "Plugins\ReferenceEditor\ReferenceEditor.csproj", "{8FF18DF0-8474-4CEA-87CD-F6B967542AB7}"
EndProject
Project("{FAE04EC0-301F-11D3-BF4B-00C04F79EFBC}") = "Contract", "Plugins\Contract\Contract.csproj", "{CBCB5CBD-F2AB-4542-8FEC-B46E6DB373A2}"
EndProject
Project("{FAE04EC0-301F-11D3-BF4B-00C04F79EFBC}") = "MainSettingsPlugin", "Plugins\MainSettingsPlugin\MainSettingsPlugin.csproj", "{68CBCAA8-3394-43A1-BBE6-4208E0921BAD}"
EndProject
Global
	GlobalSection(SolutionConfigurationPlatforms) = preSolution
		Debug|Any CPU = Debug|Any CPU
		Debug|x64 = Debug|x64
		Debug|x86 = Debug|x86
		Release|Any CPU = Release|Any CPU
		Release|x64 = Release|x64
		Release|x86 = Release|x86
	EndGlobalSection
	GlobalSection(ProjectConfigurationPlatforms) = postSolution
		{EE962BBB-C7D9-432D-9D11-102D328D8CD2}.Debug|Any CPU.ActiveCfg = Debug|Any CPU
		{EE962BBB-C7D9-432D-9D11-102D328D8CD2}.Debug|Any CPU.Build.0 = Debug|Any CPU
		{EE962BBB-C7D9-432D-9D11-102D328D8CD2}.Debug|x64.ActiveCfg = Debug|Any CPU
		{EE962BBB-C7D9-432D-9D11-102D328D8CD2}.Debug|x86.ActiveCfg = Debug|x86
		{EE962BBB-C7D9-432D-9D11-102D328D8CD2}.Debug|x86.Build.0 = Debug|x86
		{EE962BBB-C7D9-432D-9D11-102D328D8CD2}.Release|Any CPU.ActiveCfg = Release|Any CPU
		{EE962BBB-C7D9-432D-9D11-102D328D8CD2}.Release|Any CPU.Build.0 = Release|Any CPU
		{EE962BBB-C7D9-432D-9D11-102D328D8CD2}.Release|x64.ActiveCfg = Release|Any CPU
		{EE962BBB-C7D9-432D-9D11-102D328D8CD2}.Release|x86.ActiveCfg = Release|x86
		{EE962BBB-C7D9-432D-9D11-102D328D8CD2}.Release|x86.Build.0 = Release|x86
		{56CDAFE9-8286-4347-9827-1942803FAF40}.Debug|Any CPU.ActiveCfg = Debug|Any CPU
		{56CDAFE9-8286-4347-9827-1942803FAF40}.Debug|Any CPU.Build.0 = Debug|Any CPU
		{56CDAFE9-8286-4347-9827-1942803FAF40}.Debug|x64.ActiveCfg = Debug|Any CPU
		{56CDAFE9-8286-4347-9827-1942803FAF40}.Debug|x86.ActiveCfg = Debug|Any CPU
		{56CDAFE9-8286-4347-9827-1942803FAF40}.Release|Any CPU.ActiveCfg = Release|Any CPU
		{56CDAFE9-8286-4347-9827-1942803FAF40}.Release|Any CPU.Build.0 = Release|Any CPU
		{56CDAFE9-8286-4347-9827-1942803FAF40}.Release|x64.ActiveCfg = Release|Any CPU
		{56CDAFE9-8286-4347-9827-1942803FAF40}.Release|x86.ActiveCfg = Release|Any CPU
		{A8CD0FB4-BF61-4AFB-9EB3-FB58A3169D27}.Debug|Any CPU.ActiveCfg = Debug|Any CPU
		{A8CD0FB4-BF61-4AFB-9EB3-FB58A3169D27}.Debug|Any CPU.Build.0 = Debug|Any CPU
		{A8CD0FB4-BF61-4AFB-9EB3-FB58A3169D27}.Debug|x64.ActiveCfg = Debug|Any CPU
		{A8CD0FB4-BF61-4AFB-9EB3-FB58A3169D27}.Debug|x86.ActiveCfg = Debug|Any CPU
		{A8CD0FB4-BF61-4AFB-9EB3-FB58A3169D27}.Release|Any CPU.ActiveCfg = Release|Any CPU
		{A8CD0FB4-BF61-4AFB-9EB3-FB58A3169D27}.Release|Any CPU.Build.0 = Release|Any CPU
		{A8CD0FB4-BF61-4AFB-9EB3-FB58A3169D27}.Release|x64.ActiveCfg = Release|Any CPU
		{A8CD0FB4-BF61-4AFB-9EB3-FB58A3169D27}.Release|x86.ActiveCfg = Release|Any CPU
		{93320D37-9F5B-483F-9DDB-C0AB7DB37CC7}.Debug|Any CPU.ActiveCfg = Debug|Any CPU
		{93320D37-9F5B-483F-9DDB-C0AB7DB37CC7}.Debug|Any CPU.Build.0 = Debug|Any CPU
		{93320D37-9F5B-483F-9DDB-C0AB7DB37CC7}.Debug|x64.ActiveCfg = Debug|Any CPU
		{93320D37-9F5B-483F-9DDB-C0AB7DB37CC7}.Debug|x86.ActiveCfg = Debug|Any CPU
		{93320D37-9F5B-483F-9DDB-C0AB7DB37CC7}.Release|Any CPU.ActiveCfg = Release|Any CPU
		{93320D37-9F5B-483F-9DDB-C0AB7DB37CC7}.Release|Any CPU.Build.0 = Release|Any CPU
		{93320D37-9F5B-483F-9DDB-C0AB7DB37CC7}.Release|x64.ActiveCfg = Release|Any CPU
		{93320D37-9F5B-483F-9DDB-C0AB7DB37CC7}.Release|x86.ActiveCfg = Release|Any CPU
		{C8072825-D9DD-4B66-A7A3-E99A255D8EB6}.Debug|Any CPU.ActiveCfg = Debug|Any CPU
		{C8072825-D9DD-4B66-A7A3-E99A255D8EB6}.Debug|Any CPU.Build.0 = Debug|Any CPU
		{C8072825-D9DD-4B66-A7A3-E99A255D8EB6}.Debug|x64.ActiveCfg = Debug|x64
		{C8072825-D9DD-4B66-A7A3-E99A255D8EB6}.Debug|x64.Build.0 = Debug|x64
		{C8072825-D9DD-4B66-A7A3-E99A255D8EB6}.Debug|x86.ActiveCfg = Debug|Any CPU
		{C8072825-D9DD-4B66-A7A3-E99A255D8EB6}.Release|Any CPU.ActiveCfg = Release|Any CPU
		{C8072825-D9DD-4B66-A7A3-E99A255D8EB6}.Release|Any CPU.Build.0 = Release|Any CPU
		{C8072825-D9DD-4B66-A7A3-E99A255D8EB6}.Release|x64.ActiveCfg = Release|x64
		{C8072825-D9DD-4B66-A7A3-E99A255D8EB6}.Release|x64.Build.0 = Release|x64
		{C8072825-D9DD-4B66-A7A3-E99A255D8EB6}.Release|x86.ActiveCfg = Release|Any CPU
		{797B7B10-98BB-450F-B91F-7FAFC8FE3299}.Debug|Any CPU.ActiveCfg = Debug|Any CPU
		{797B7B10-98BB-450F-B91F-7FAFC8FE3299}.Debug|Any CPU.Build.0 = Debug|Any CPU
		{797B7B10-98BB-450F-B91F-7FAFC8FE3299}.Debug|x64.ActiveCfg = Debug|Any CPU
		{797B7B10-98BB-450F-B91F-7FAFC8FE3299}.Debug|x86.ActiveCfg = Debug|Any CPU
		{797B7B10-98BB-450F-B91F-7FAFC8FE3299}.Release|Any CPU.ActiveCfg = Release|Any CPU
		{797B7B10-98BB-450F-B91F-7FAFC8FE3299}.Release|Any CPU.Build.0 = Release|Any CPU
		{797B7B10-98BB-450F-B91F-7FAFC8FE3299}.Release|x64.ActiveCfg = Release|Any CPU
		{797B7B10-98BB-450F-B91F-7FAFC8FE3299}.Release|x86.ActiveCfg = Release|Any CPU
		{8FF18DF0-8474-4CEA-87CD-F6B967542AB7}.Debug|Any CPU.ActiveCfg = Debug|Any CPU
		{8FF18DF0-8474-4CEA-87CD-F6B967542AB7}.Debug|Any CPU.Build.0 = Debug|Any CPU
		{8FF18DF0-8474-4CEA-87CD-F6B967542AB7}.Debug|x64.ActiveCfg = Debug|Any CPU
		{8FF18DF0-8474-4CEA-87CD-F6B967542AB7}.Debug|x86.ActiveCfg = Debug|Any CPU
		{8FF18DF0-8474-4CEA-87CD-F6B967542AB7}.Release|Any CPU.ActiveCfg = Release|Any CPU
		{8FF18DF0-8474-4CEA-87CD-F6B967542AB7}.Release|Any CPU.Build.0 = Release|Any CPU
		{8FF18DF0-8474-4CEA-87CD-F6B967542AB7}.Release|x64.ActiveCfg = Release|Any CPU
		{8FF18DF0-8474-4CEA-87CD-F6B967542AB7}.Release|x86.ActiveCfg = Release|Any CPU
		{CBCB5CBD-F2AB-4542-8FEC-B46E6DB373A2}.Debug|Any CPU.ActiveCfg = Debug|Any CPU
		{CBCB5CBD-F2AB-4542-8FEC-B46E6DB373A2}.Debug|Any CPU.Build.0 = Debug|Any CPU
		{CBCB5CBD-F2AB-4542-8FEC-B46E6DB373A2}.Debug|x64.ActiveCfg = Debug|Any CPU
		{CBCB5CBD-F2AB-4542-8FEC-B46E6DB373A2}.Debug|x86.ActiveCfg = Debug|Any CPU
		{CBCB5CBD-F2AB-4542-8FEC-B46E6DB373A2}.Release|Any CPU.ActiveCfg = Release|Any CPU
		{CBCB5CBD-F2AB-4542-8FEC-B46E6DB373A2}.Release|Any CPU.Build.0 = Release|Any CPU
		{CBCB5CBD-F2AB-4542-8FEC-B46E6DB373A2}.Release|x64.ActiveCfg = Release|Any CPU
		{CBCB5CBD-F2AB-4542-8FEC-B46E6DB373A2}.Release|x86.ActiveCfg = Release|Any CPU
		{68CBCAA8-3394-43A1-BBE6-4208E0921BAD}.Debug|Any CPU.ActiveCfg = Debug|Any CPU
		{68CBCAA8-3394-43A1-BBE6-4208E0921BAD}.Debug|Any CPU.Build.0 = Debug|Any CPU
		{68CBCAA8-3394-43A1-BBE6-4208E0921BAD}.Debug|x64.ActiveCfg = Debug|Any CPU
		{68CBCAA8-3394-43A1-BBE6-4208E0921BAD}.Debug|x86.ActiveCfg = Debug|Any CPU
		{68CBCAA8-3394-43A1-BBE6-4208E0921BAD}.Release|Any CPU.ActiveCfg = Release|Any CPU
		{68CBCAA8-3394-43A1-BBE6-4208E0921BAD}.Release|Any CPU.Build.0 = Release|Any CPU
		{68CBCAA8-3394-43A1-BBE6-4208E0921BAD}.Release|x64.ActiveCfg = Release|Any CPU
		{68CBCAA8-3394-43A1-BBE6-4208E0921BAD}.Release|x86.ActiveCfg = Release|Any CPU
	EndGlobalSection
	GlobalSection(SolutionProperties) = preSolution
		HideSolutionNode = FALSE
	EndGlobalSection
	GlobalSection(NestedProjects) = preSolution
		{EE962BBB-C7D9-432D-9D11-102D328D8CD2} = {4DEA4D24-CDB3-4FC3-9279-784BD94E2EEA}
		{56CDAFE9-8286-4347-9827-1942803FAF40} = {4DEA4D24-CDB3-4FC3-9279-784BD94E2EEA}
		{A8CD0FB4-BF61-4AFB-9EB3-FB58A3169D27} = {4DEA4D24-CDB3-4FC3-9279-784BD94E2EEA}
		{93320D37-9F5B-483F-9DDB-C0AB7DB37CC7} = {4DEA4D24-CDB3-4FC3-9279-784BD94E2EEA}
		{C8072825-D9DD-4B66-A7A3-E99A255D8EB6} = {4DEA4D24-CDB3-4FC3-9279-784BD94E2EEA}
		{797B7B10-98BB-450F-B91F-7FAFC8FE3299} = {21E49C2C-639E-453F-A973-2782FCFCA3E1}
		{8FF18DF0-8474-4CEA-87CD-F6B967542AB7} = {21E49C2C-639E-453F-A973-2782FCFCA3E1}
		{CBCB5CBD-F2AB-4542-8FEC-B46E6DB373A2} = {21E49C2C-639E-453F-A973-2782FCFCA3E1}
		{68CBCAA8-3394-43A1-BBE6-4208E0921BAD} = {21E49C2C-639E-453F-A973-2782FCFCA3E1}
	EndGlobalSection
EndGlobal
